
Microsoft Visual Studio Solution File, Format Version 12.00
# Visual Studio Version 17
VisualStudioVersion = 17.8.34525.116
MinimumVisualStudioVersion = 10.0.40219.1
Project("{FAE04EC0-301F-11D3-BF4B-00C04F79EFBC}") = "backend", "backend\backend.csproj", "{ED2CFA95-4AEA-42AA-9888-040E853793FE}"
EndProject
Global
	GlobalSection(SolutionConfigurationPlatforms) = preSolution
		Debug|Any CPU = Debug|Any CPU
		Release|Any CPU = Release|Any CPU
	EndGlobalSection
	GlobalSection(ProjectConfigurationPlatforms) = postSolution
		{ED2CFA95-4AEA-42AA-9888-040E853793FE}.Debug|Any CPU.ActiveCfg = Debug|Any CPU
		{ED2CFA95-4AEA-42AA-9888-040E853793FE}.Debug|Any CPU.Build.0 = Debug|Any CPU
		{ED2CFA95-4AEA-42AA-9888-040E853793FE}.Release|Any CPU.ActiveCfg = Release|Any CPU
		{ED2CFA95-4AEA-42AA-9888-040E853793FE}.Release|Any CPU.Build.0 = Release|Any CPU
	EndGlobalSection
	GlobalSection(SolutionProperties) = preSolution
		HideSolutionNode = FALSE
	EndGlobalSection
	GlobalSection(ExtensibilityGlobals) = postSolution
		SolutionGuid = {15ED35BB-CCC7-499B-9E0C-68FC029A0200}
	EndGlobalSection
EndGlobal
